# THIS IS AN AUTOGENERATED FILE. DO NOT EDIT THIS FILE DIRECTLY.
# yarn lockfile v1


popper.js@^1.0.2, popper.js@^1.14.3:
  version "1.14.3"
  resolved "https://registry.yarnpkg.com/popper.js/-/popper.js-1.14.3.tgz#1438f98d046acf7b4d78cd502bf418ac64d4f095"

tooltip.js@^1.2.0:
  version "1.2.0"
  resolved "https://registry.yarnpkg.com/tooltip.js/-/tooltip.js-1.2.0.tgz#8b16482f04397f4f9d7387843dccf186890c8860"
  dependencies:
    popper.js "^1.0.2"
